
Microsoft Visual Studio Solution File, Format Version 12.00
# Visual Studio Version 16
VisualStudioVersion = 16.0.31613.86
MinimumVisualStudioVersion = 10.0.40219.1
Project("{FAE04EC0-301F-11D3-BF4B-00C04F79EFBC}") = "UnitTestNewBookmodels", "UnitTestNewBookmodels.csproj", "{9448B06D-8D74-42D9-AC2F-6A13608822F7}"
EndProject
Global
	GlobalSection(SolutionConfigurationPlatforms) = preSolution
		Debug|Any CPU = Debug|Any CPU
		Release|Any CPU = Release|Any CPU
	EndGlobalSection
	GlobalSection(ProjectConfigurationPlatforms) = postSolution
		{9448B06D-8D74-42D9-AC2F-6A13608822F7}.Debug|Any CPU.ActiveCfg = Debug|Any CPU
		{9448B06D-8D74-42D9-AC2F-6A13608822F7}.Debug|Any CPU.Build.0 = Debug|Any CPU
		{9448B06D-8D74-42D9-AC2F-6A13608822F7}.Release|Any CPU.ActiveCfg = Release|Any CPU
		{9448B06D-8D74-42D9-AC2F-6A13608822F7}.Release|Any CPU.Build.0 = Release|Any CPU
	EndGlobalSection
	GlobalSection(SolutionProperties) = preSolution
		HideSolutionNode = FALSE
	EndGlobalSection
	GlobalSection(ExtensibilityGlobals) = postSolution
		SolutionGuid = {02A7B74A-F3C4-4877-9F89-AD0166025258}
	EndGlobalSection
EndGlobal
